// !$*UTF8*$!
{
	archiveVersion = 1;
	classes = {
	};
	objectVersion = 77;
	objects = {

/* Begin PBXContainerItemProxy section */
		FCAC14172DA3028E00F12BAC /* PBXContainerItemProxy */ = {
			isa = PBXContainerItemProxy;
			containerPortal = FCAC14012DA3028C00F12BAC /* Project object */;
			proxyType = 1;
			remoteGlobalIDString = FCAC14082DA3028C00F12BAC;
			remoteInfo = "Ice Cream App";
		};
		FCAC14212DA3028E00F12BAC /* PBXContainerItemProxy */ = {
			isa = PBXContainerItemProxy;
			containerPortal = FCAC14012DA3028C00F12BAC /* Project object */;
			proxyType = 1;
			remoteGlobalIDString = FCAC14082DA3028C00F12BAC;
			remoteInfo = "Ice Cream App";
		};
/* End PBXContainerItemProxy section */

/* Begin PBXFileReference section */
		FCAC14092DA3028C00F12BAC /* Ice Cream App.app */ = {isa = PBXFileReference; explicitFileType = wrapper.application; includeInIndex = 0; path = "Ice Cream App.app"; sourceTree = BUILT_PRODUCTS_DIR; };
		FCAC14162DA3028E00F12BAC /* Ice Cream AppTests.xctest */ = {isa = PBXFileReference; explicitFileType = wrapper.cfbundle; includeInIndex = 0; path = "Ice Cream AppTests.xctest"; sourceTree = BUILT_PRODUCTS_DIR; };
		FCAC14202DA3028E00F12BAC /* Ice Cream AppUITests.xctest */ = {isa = PBXFileReference; explicitFileType = wrapper.cfbundle; includeInIndex = 0; path = "Ice Cream AppUITests.xctest"; sourceTree = BUILT_PRODUCTS_DIR; };
/* End PBXFileReference section */

/* Begin PBXFileSystemSynchronizedRootGroup section */
		FCAC140B2DA3028C00F12BAC /* Ice Cream App */ = {
			isa = PBXFileSystemSynchronizedRootGroup;
			path = "Ice Cream App";
			sourceTree = "<group>";
		};
		FCAC14192DA3028E00F12BAC /* Ice Cream AppTests */ = {
			isa = PBXFileSystemSynchronizedRootGroup;
			path = "Ice Cream AppTests";
			sourceTree = "<group>";
		};
		FCAC14232DA3028E00F12BAC /* Ice Cream AppUITests */ = {
			isa = PBXFileSystemSynchronizedRootGroup;
			path = "Ice Cream AppUITests";
			sourceTree = "<group>";
		};
/* End PBXFileSystemSynchronizedRootGroup section */

/* Begin PBXFrameworksBuildPhase section */
		FCAC14062DA3028C00F12BAC /* Frameworks */ = {
			isa = PBXFrameworksBuildPhase;
			buildActionMask = 2147483647;
			files = (
			);
			runOnlyForDeploymentPostprocessing = 0;
		};
		FCAC14132DA3028E00F12BAC /* Frameworks */ = {
			isa = PBXFrameworksBuildPhase;
			buildActionMask = 2147483647;
			files = (
			);
			runOnlyForDeploymentPostprocessing = 0;
		};
		FCAC141D2DA3028E00F12BAC /* Frameworks */ = {
			isa = PBXFrameworksBuildPhase;
			buildActionMask = 2147483647;
			files = (
			);
			runOnlyForDeploymentPostprocessing = 0;
		};
/* End PBXFrameworksBuildPhase section */

/* Begin PBXGroup section */
		FCAC14002DA3028C00F12BAC = {
			isa = PBXGroup;
			children = (
				FCAC140B2DA3028C00F12BAC /* Ice Cream App */,
				FCAC14192DA3028E00F12BAC /* Ice Cream AppTests */,
				FCAC14232DA3028E00F12BAC /* Ice Cream AppUITests */,
				FCAC140A2DA3028C00F12BAC /* Products */,
			);
			sourceTree = "<group>";
		};
		FCAC140A2DA3028C00F12BAC /* Products */ = {
			isa = PBXGroup;
			children = (
				FCAC14092DA3028C00F12BAC /* Ice Cream App.app */,
				FCAC14162DA3028E00F12BAC /* Ice Cream AppTests.xctest */,
				FCAC14202DA3028E00F12BAC /* Ice Cream AppUITests.xctest */,
			);
			name = Products;
			sourceTree = "<group>";
		};
/* End PBXGroup section */

/* Begin PBXNativeTarget section */
		FCAC14082DA3028C00F12BAC /* Ice Cream App */ = {
			isa = PBXNativeTarget;
			buildConfigurationList = FCAC142A2DA3028E00F12BAC /* Build configuration list for PBXNativeTarget "Ice Cream App" */;
			buildPhases = (
				FCAC14052DA3028C00F12BAC /* Sources */,
				FCAC14062DA3028C00F12BAC /* Frameworks */,
				FCAC14072DA3028C00F12BAC /* Resources */,
			);
			buildRules = (
			);
			dependencies = (
			);
			fileSystemSynchronizedGroups = (
				FCAC140B2DA3028C00F12BAC /* Ice Cream App */,
			);
			name = "Ice Cream App";
			packageProductDependencies = (
			);
			productName = "Ice Cream App";
			productReference = FCAC14092DA3028C00F12BAC /* Ice Cream App.app */;
			productType = "com.apple.product-type.application";
		};
		FCAC14152DA3028E00F12BAC /* Ice Cream AppTests */ = {
			isa = PBXNativeTarget;
			buildConfigurationList = FCAC142D2DA3028E00F12BAC /* Build configuration list for PBXNativeTarget "Ice Cream AppTests" */;
			buildPhases = (
				FCAC14122DA3028E00F12BAC /* Sources */,
				FCAC14132DA3028E00F12BAC /* Frameworks */,
				FCAC14142DA3028E00F12BAC /* Resources */,
			);
			buildRules = (
			);
			dependencies = (
				FCAC14182DA3028E00F12BAC /* PBXTargetDependency */,
			);
			fileSystemSynchronizedGroups = (
				FCAC14192DA3028E00F12BAC /* Ice Cream AppTests */,
			);
			name = "Ice Cream AppTests";
			packageProductDependencies = (
			);
			productName = "Ice Cream AppTests";
			productReference = FCAC14162DA3028E00F12BAC /* Ice Cream AppTests.xctest */;
			productType = "com.apple.product-type.bundle.unit-test";
		};
		FCAC141F2DA3028E00F12BAC /* Ice Cream AppUITests */ = {
			isa = PBXNativeTarget;
			buildConfigurationList = FCAC14302DA3028E00F12BAC /* Build configuration list for PBXNativeTarget "Ice Cream AppUITests" */;
			buildPhases = (
				FCAC141C2DA3028E00F12BAC /* Sources */,
				FCAC141D2DA3028E00F12BAC /* Frameworks */,
				FCAC141E2DA3028E00F12BAC /* Resources */,
			);
			buildRules = (
			);
			dependencies = (
				FCAC14222DA3028E00F12BAC /* PBXTargetDependency */,
			);
			fileSystemSynchronizedGroups = (
				FCAC14232DA3028E00F12BAC /* Ice Cream AppUITests */,
			);
			name = "Ice Cream AppUITests";
			packageProductDependencies = (
			);
			productName = "Ice Cream AppUITests";
			productReference = FCAC14202DA3028E00F12BAC /* Ice Cream AppUITests.xctest */;
			productType = "com.apple.product-type.bundle.ui-testing";
		};
/* End PBXNativeTarget section */

/* Begin PBXProject section */
		FCAC14012DA3028C00F12BAC /* Project object */ = {
			isa = PBXProject;
			attributes = {
				BuildIndependentTargetsInParallel = 1;
				LastSwiftUpdateCheck = 1630;
				LastUpgradeCheck = 1630;
				TargetAttributes = {
					FCAC14082DA3028C00F12BAC = {
						CreatedOnToolsVersion = 16.3;
					};
					FCAC14152DA3028E00F12BAC = {
						CreatedOnToolsVersion = 16.3;
						TestTargetID = FCAC14082DA3028C00F12BAC;
					};
					FCAC141F2DA3028E00F12BAC = {
						CreatedOnToolsVersion = 16.3;
						TestTargetID = FCAC14082DA3028C00F12BAC;
					};
				};
			};
			buildConfigurationList = FCAC14042DA3028C00F12BAC /* Build configuration list for PBXProject "Ice Cream App" */;
			developmentRegion = en;
			hasScannedForEncodings = 0;
			knownRegions = (
				en,
				Base,
			);
			mainGroup = FCAC14002DA3028C00F12BAC;
			minimizedProjectReferenceProxies = 1;
			preferredProjectObjectVersion = 77;
			productRefGroup = FCAC140A2DA3028C00F12BAC /* Products */;
			projectDirPath = "";
			projectRoot = "";
			targets = (
				FCAC14082DA3028C00F12BAC /* Ice Cream App */,
				FCAC14152DA3028E00F12BAC /* Ice Cream AppTests */,
				FCAC141F2DA3028E00F12BAC /* Ice Cream AppUITests */,
			);
		};
/* End PBXProject section */

/* Begin PBXResourcesBuildPhase section */
		FCAC14072DA3028C00F12BAC /* Resources */ = {
			isa = PBXResourcesBuildPhase;
			buildActionMask = 2147483647;
			files = (
			);
			runOnlyForDeploymentPostprocessing = 0;
		};
		FCAC14142DA3028E00F12BAC /* Resources */ = {
			isa = PBXResourcesBuildPhase;
			buildActionMask = 2147483647;
			files = (
			);
			runOnlyForDeploymentPostprocessing = 0;
		};
		FCAC141E2DA3028E00F12BAC /* Resources */ = {
			isa = PBXResourcesBuildPhase;
			buildActionMask = 2147483647;
			files = (
			);
			runOnlyForDeploymentPostprocessing = 0;
		};
/* End PBXResourcesBuildPhase section */

/* Begin PBXSourcesBuildPhase section */
		FCAC14052DA3028C00F12BAC /* Sources */ = {
			isa = PBXSourcesBuildPhase;
			buildActionMask = 2147483647;
			files = (
			);
			runOnlyForDeploymentPostprocessing = 0;
		};
		FCAC14122DA3028E00F12BAC /* Sources */ = {
			isa = PBXSourcesBuildPhase;
			buildActionMask = 2147483647;
			files = (
			);
			runOnlyForDeploymentPostprocessing = 0;
		};
		FCAC141C2DA3028E00F12BAC /* Sources */ = {
			isa = PBXSourcesBuildPhase;
			buildActionMask = 2147483647;
			files = (
			);
			runOnlyForDeploymentPostprocessing = 0;
		};
/* End PBXSourcesBuildPhase section */

/* Begin PBXTargetDependency section */
		FCAC14182DA3028E00F12BAC /* PBXTargetDependency */ = {
			isa = PBXTargetDependency;
			target = FCAC14082DA3028C00F12BAC /* Ice Cream App */;
			targetProxy = FCAC14172DA3028E00F12BAC /* PBXContainerItemProxy */;
		};
		FCAC14222DA3028E00F12BAC /* PBXTargetDependency */ = {
			isa = PBXTargetDependency;
			target = FCAC14082DA3028C00F12BAC /* Ice Cream App */;
			targetProxy = FCAC14212DA3028E00F12BAC /* PBXContainerItemProxy */;
		};
/* End PBXTargetDependency section */

/* Begin XCBuildConfiguration section */
		FCAC14282DA3028E00F12BAC /* Debug */ = {
			isa = XCBuildConfiguration;
			buildSettings = {
				ALWAYS_SEARCH_USER_PATHS = NO;
				ASSETCATALOG_COMPILER_GENERATE_SWIFT_ASSET_SYMBOL_EXTENSIONS = YES;
				CLANG_ANALYZER_NONNULL = YES;
				CLANG_ANALYZER_NUMBER_OBJECT_CONVERSION = YES_AGGRESSIVE;
				CLANG_CXX_LANGUAGE_STANDARD = "gnu++20";
				CLANG_ENABLE_MODULES = YES;
				CLANG_ENABLE_OBJC_ARC = YES;
				CLANG_ENABLE_OBJC_WEAK = YES;
				CLANG_WARN_BLOCK_CAPTURE_AUTORELEASING = YES;
				CLANG_WARN_BOOL_CONVERSION = YES;
				CLANG_WARN_COMMA = YES;
				CLANG_WARN_CONSTANT_CONVERSION = YES;
				CLANG_WARN_DEPRECATED_OBJC_IMPLEMENTATIONS = YES;
				CLANG_WARN_DIRECT_OBJC_ISA_USAGE = YES_ERROR;
				CLANG_WARN_DOCUMENTATION_COMMENTS = YES;
				CLANG_WARN_EMPTY_BODY = YES;
				CLANG_WARN_ENUM_CONVERSION = YES;
				CLANG_WARN_INFINITE_RECURSION = YES;
				CLANG_WARN_INT_CONVERSION = YES;
				CLANG_WARN_NON_LITERAL_NULL_CONVERSION = YES;
				CLANG_WARN_OBJC_IMPLICIT_RETAIN_SELF = YES;
				CLANG_WARN_OBJC_LITERAL_CONVERSION = YES;
				CLANG_WARN_OBJC_ROOT_CLASS = YES_ERROR;
				CLANG_WARN_QUOTED_INCLUDE_IN_FRAMEWORK_HEADER = YES;
				CLANG_WARN_RANGE_LOOP_ANALYSIS = YES;
				CLANG_WARN_STRICT_PROTOTYPES = YES;
				CLANG_WARN_SUSPICIOUS_MOVE = YES;
				CLANG_WARN_UNGUARDED_AVAILABILITY = YES_AGGRESSIVE;
				CLANG_WARN_UNREACHABLE_CODE = YES;
				CLANG_WARN__DUPLICATE_METHOD_MATCH = YES;
				COPY_PHASE_STRIP = NO;
				DEBUG_INFORMATION_FORMAT = dwarf;
				ENABLE_STRICT_OBJC_MSGSEND = YES;
				ENABLE_TESTABILITY = YES;
				ENABLE_USER_SCRIPT_SANDBOXING = YES;
				GCC_C_LANGUAGE_STANDARD = gnu17;
				GCC_DYNAMIC_NO_PIC = NO;
				GCC_NO_COMMON_BLOCKS = YES;
				GCC_OPTIMIZATION_LEVEL = 0;
				GCC_PREPROCESSOR_DEFINITIONS = (
					"DEBUG=1",
					"$(inherited)",
				);
				GCC_WARN_64_TO_32_BIT_CONVERSION = YES;
				GCC_WARN_ABOUT_RETURN_TYPE = YES_ERROR;
				GCC_WARN_UNDECLARED_SELECTOR = YES;
				GCC_WARN_UNINITIALIZED_AUTOS = YES_AGGRESSIVE;
				GCC_WARN_UNUSED_FUNCTION = YES;
				GCC_WARN_UNUSED_VARIABLE = YES;
				IPHONEOS_DEPLOYMENT_TARGET = 18.4;
				LOCALIZATION_PREFERS_STRING_CATALOGS = YES;
				MTL_ENABLE_DEBUG_INFO = INCLUDE_SOURCE;
				MTL_FAST_MATH = YES;
				ONLY_ACTIVE_ARCH = YES;
				SDKROOT = iphoneos;
				SWIFT_ACTIVE_COMPILATION_CONDITIONS = "DEBUG $(inherited)";
				SWIFT_OPTIMIZATION_LEVEL = "-Onone";
			};
			name = Debug;
		};
		FCAC14292DA3028E00F12BAC /* Release */ = {
			isa = XCBuildConfiguration;
			buildSettings = {
				ALWAYS_SEARCH_USER_PATHS = NO;
				ASSETCATALOG_COMPILER_GENERATE_SWIFT_ASSET_SYMBOL_EXTENSIONS = YES;
				CLANG_ANALYZER_NONNULL = YES;
				CLANG_ANALYZER_NUMBER_OBJECT_CONVERSION = YES_AGGRESSIVE;
				CLANG_CXX_LANGUAGE_STANDARD = "gnu++20";
				CLANG_ENABLE_MODULES = YES;
				CLANG_ENABLE_OBJC_ARC = YES;
				CLANG_ENABLE_OBJC_WEAK = YES;
				CLANG_WARN_BLOCK_CAPTURE_AUTORELEASING = YES;
				CLANG_WARN_BOOL_CONVERSION = YES;
				CLANG_WARN_COMMA = YES;
				CLANG_WARN_CONSTANT_CONVERSION = YES;
				CLANG_WARN_DEPRECATED_OBJC_IMPLEMENTATIONS = YES;
				CLANG_WARN_DIRECT_OBJC_ISA_USAGE = YES_ERROR;
				CLANG_WARN_DOCUMENTATION_COMMENTS = YES;
				CLANG_WARN_EMPTY_BODY = YES;
				CLANG_WARN_ENUM_CONVERSION = YES;
				CLANG_WARN_INFINITE_RECURSION = YES;
				CLANG_WARN_INT_CONVERSION = YES;
				CLANG_WARN_NON_LITERAL_NULL_CONVERSION = YES;
				CLANG_WARN_OBJC_IMPLICIT_RETAIN_SELF = YES;
				CLANG_WARN_OBJC_LITERAL_CONVERSION = YES;
				CLANG_WARN_OBJC_ROOT_CLASS = YES_ERROR;
				CLANG_WARN_QUOTED_INCLUDE_IN_FRAMEWORK_HEADER = YES;
				CLANG_WARN_RANGE_LOOP_ANALYSIS = YES;
				CLANG_WARN_STRICT_PROTOTYPES = YES;
				CLANG_WARN_SUSPICIOUS_MOVE = YES;
				CLANG_WARN_UNGUARDED_AVAILABILITY = YES_AGGRESSIVE;
				CLANG_WARN_UNREACHABLE_CODE = YES;
				CLANG_WARN__DUPLICATE_METHOD_MATCH = YES;
				COPY_PHASE_STRIP = NO;
				DEBUG_INFORMATION_FORMAT = "dwarf-with-dsym";
				ENABLE_NS_ASSERTIONS = NO;
				ENABLE_STRICT_OBJC_MSGSEND = YES;
				ENABLE_USER_SCRIPT_SANDBOXING = YES;
				GCC_C_LANGUAGE_STANDARD = gnu17;
				GCC_NO_COMMON_BLOCKS = YES;
				GCC_WARN_64_TO_32_BIT_CONVERSION = YES;
				GCC_WARN_ABOUT_RETURN_TYPE = YES_ERROR;
				GCC_WARN_UNDECLARED_SELECTOR = YES;
				GCC_WARN_UNINITIALIZED_AUTOS = YES_AGGRESSIVE;
				GCC_WARN_UNUSED_FUNCTION = YES;
				GCC_WARN_UNUSED_VARIABLE = YES;
				IPHONEOS_DEPLOYMENT_TARGET = 18.4;
				LOCALIZATION_PREFERS_STRING_CATALOGS = YES;
				MTL_ENABLE_DEBUG_INFO = NO;
				MTL_FAST_MATH = YES;
				SDKROOT = iphoneos;
				SWIFT_COMPILATION_MODE = wholemodule;
				VALIDATE_PRODUCT = YES;
			};
			name = Release;
		};
		FCAC142B2DA3028E00F12BAC /* Debug */ = {
			isa = XCBuildConfiguration;
			buildSettings = {
				ASSETCATALOG_COMPILER_APPICON_NAME = AppIcon;
				ASSETCATALOG_COMPILER_GLOBAL_ACCENT_COLOR_NAME = AccentColor;
				CODE_SIGN_STYLE = Automatic;
				CURRENT_PROJECT_VERSION = 1;
				ENABLE_PREVIEWS = YES;
				GENERATE_INFOPLIST_FILE = YES;
				INFOPLIST_KEY_UIApplicationSceneManifest_Generation = YES;
				INFOPLIST_KEY_UIApplicationSupportsIndirectInputEvents = YES;
				INFOPLIST_KEY_UILaunchScreen_Generation = YES;
				INFOPLIST_KEY_UISupportedInterfaceOrientations_iPad = "UIInterfaceOrientationPortrait UIInterfaceOrientationPortraitUpsideDown UIInterfaceOrientationLandscapeLeft UIInterfaceOrientationLandscapeRight";
				INFOPLIST_KEY_UISupportedInterfaceOrientations_iPhone = "UIInterfaceOrientationPortrait UIInterfaceOrientationLandscapeLeft UIInterfaceOrientationLandscapeRight";
				LD_RUNPATH_SEARCH_PATHS = (
					"$(inherited)",
					"@executable_path/Frameworks",
				);
				MARKETING_VERSION = 1.0;
				PRODUCT_BUNDLE_IDENTIFIER = "None.Ice-Cream-App";
				PRODUCT_NAME = "$(TARGET_NAME)";
				SWIFT_EMIT_LOC_STRINGS = YES;
				SWIFT_VERSION = 5.0;
				TARGETED_DEVICE_FAMILY = "1,2";
			};
			name = Debug;
		};
		FCAC142C2DA3028E00F12BAC /* Release */ = {
			isa = XCBuildConfiguration;
			buildSettings = {
				ASSETCATALOG_COMPILER_APPICON_NAME = AppIcon;
				ASSETCATALOG_COMPILER_GLOBAL_ACCENT_COLOR_NAME = AccentColor;
				CODE_SIGN_STYLE = Automatic;
				CURRENT_PROJECT_VERSION = 1;
				ENABLE_PREVIEWS = YES;
				GENERATE_INFOPLIST_FILE = YES;
				INFOPLIST_KEY_UIApplicationSceneManifest_Generation = YES;
				INFOPLIST_KEY_UIApplicationSupportsIndirectInputEvents = YES;
				INFOPLIST_KEY_UILaunchScreen_Generation = YES;
				INFOPLIST_KEY_UISupportedInterfaceOrientations_iPad = "UIInterfaceOrientationPortrait UIInterfaceOrientationPortraitUpsideDown UIInterfaceOrientationLandscapeLeft UIInterfaceOrientationLandscapeRight";
				INFOPLIST_KEY_UISupportedInterfaceOrientations_iPhone = "UIInterfaceOrientationPortrait UIInterfaceOrientationLandscapeLeft UIInterfaceOrientationLandscapeRight";
				LD_RUNPATH_SEARCH_PATHS = (
					"$(inherited)",
					"@executable_path/Frameworks",
				);
				MARKETING_VERSION = 1.0;
				PRODUCT_BUNDLE_IDENTIFIER = "None.Ice-Cream-App";
				PRODUCT_NAME = "$(TARGET_NAME)";
				SWIFT_EMIT_LOC_STRINGS = YES;
				SWIFT_VERSION = 5.0;
				TARGETED_DEVICE_FAMILY = "1,2";
			};
			name = Release;
		};
		FCAC142E2DA3028E00F12BAC /* Debug */ = {
			isa = XCBuildConfiguration;
			buildSettings = {
				BUNDLE_LOADER = "$(TEST_HOST)";
				CODE_SIGN_STYLE = Automatic;
				CURRENT_PROJECT_VERSION = 1;
				GENERATE_INFOPLIST_FILE = YES;
				IPHONEOS_DEPLOYMENT_TARGET = 18.4;
				MARKETING_VERSION = 1.0;
				PRODUCT_BUNDLE_IDENTIFIER = "None.Ice-Cream-AppTests";
				PRODUCT_NAME = "$(TARGET_NAME)";
				SWIFT_EMIT_LOC_STRINGS = NO;
				SWIFT_VERSION = 5.0;
				TARGETED_DEVICE_FAMILY = "1,2";
				TEST_HOST = "$(BUILT_PRODUCTS_DIR)/Ice Cream App.app/$(BUNDLE_EXECUTABLE_FOLDER_PATH)/Ice Cream App";
			};
			name = Debug;
		};
		FCAC142F2DA3028E00F12BAC /* Release */ = {
			isa = XCBuildConfiguration;
			buildSettings = {
				BUNDLE_LOADER = "$(TEST_HOST)";
				CODE_SIGN_STYLE = Automatic;
				CURRENT_PROJECT_VERSION = 1;
				GENERATE_INFOPLIST_FILE = YES;
				IPHONEOS_DEPLOYMENT_TARGET = 18.4;
				MARKETING_VERSION = 1.0;
				PRODUCT_BUNDLE_IDENTIFIER = "None.Ice-Cream-AppTests";
				PRODUCT_NAME = "$(TARGET_NAME)";
				SWIFT_EMIT_LOC_STRINGS = NO;
				SWIFT_VERSION = 5.0;
				TARGETED_DEVICE_FAMILY = "1,2";
				TEST_HOST = "$(BUILT_PRODUCTS_DIR)/Ice Cream App.app/$(BUNDLE_EXECUTABLE_FOLDER_PATH)/Ice Cream App";
			};
			name = Release;
		};
		FCAC14312DA3028E00F12BAC /* Debug */ = {
			isa = XCBuildConfiguration;
			buildSettings = {
				CODE_SIGN_STYLE = Automatic;
				CURRENT_PROJECT_VERSION = 1;
				GENERATE_INFOPLIST_FILE = YES;
				MARKETING_VERSION = 1.0;
				PRODUCT_BUNDLE_IDENTIFIER = "None.Ice-Cream-AppUITests";
				PRODUCT_NAME = "$(TARGET_NAME)";
				SWIFT_EMIT_LOC_STRINGS = NO;
				SWIFT_VERSION = 5.0;
				TARGETED_DEVICE_FAMILY = "1,2";
				TEST_TARGET_NAME = "Ice Cream App";
			};
			name = Debug;
		};
		FCAC14322DA3028E00F12BAC /* Release */ = {
			isa = XCBuildConfiguration;
			buildSettings = {
				CODE_SIGN_STYLE = Automatic;
				CURRENT_PROJECT_VERSION = 1;
				GENERATE_INFOPLIST_FILE = YES;
				MARKETING_VERSION = 1.0;
				PRODUCT_BUNDLE_IDENTIFIER = "None.Ice-Cream-AppUITests";
				PRODUCT_NAME = "$(TARGET_NAME)";
				SWIFT_EMIT_LOC_STRINGS = NO;
				SWIFT_VERSION = 5.0;
				TARGETED_DEVICE_FAMILY = "1,2";
				TEST_TARGET_NAME = "Ice Cream App";
			};
			name = Release;
		};
/* End XCBuildConfiguration section */

/* Begin XCConfigurationList section */
		FCAC14042DA3028C00F12BAC /* Build configuration list for PBXProject "Ice Cream App" */ = {
			isa = XCConfigurationList;
			buildConfigurations = (
				FCAC14282DA3028E00F12BAC /* Debug */,
				FCAC14292DA3028E00F12BAC /* Release */,
			);
			defaultConfigurationIsVisible = 0;
			defaultConfigurationName = Release;
		};
		FCAC142A2DA3028E00F12BAC /* Build configuration list for PBXNativeTarget "Ice Cream App" */ = {
			isa = XCConfigurationList;
			buildConfigurations = (
				FCAC142B2DA3028E00F12BAC /* Debug */,
				FCAC142C2DA3028E00F12BAC /* Release */,
			);
			defaultConfigurationIsVisible = 0;
			defaultConfigurationName = Release;
		};
		FCAC142D2DA3028E00F12BAC /* Build configuration list for PBXNativeTarget "Ice Cream AppTests" */ = {
			isa = XCConfigurationList;
			buildConfigurations = (
				FCAC142E2DA3028E00F12BAC /* Debug */,
				FCAC142F2DA3028E00F12BAC /* Release */,
			);
			defaultConfigurationIsVisible = 0;
			defaultConfigurationName = Release;
		};
		FCAC14302DA3028E00F12BAC /* Build configuration list for PBXNativeTarget "Ice Cream AppUITests" */ = {
			isa = XCConfigurationList;
			buildConfigurations = (
				FCAC14312DA3028E00F12BAC /* Debug */,
				FCAC14322DA3028E00F12BAC /* Release */,
			);
			defaultConfigurationIsVisible = 0;
			defaultConfigurationName = Release;
		};
/* End XCConfigurationList section */
	};
	rootObject = FCAC14012DA3028C00F12BAC /* Project object */;
}
